<?xml version="1.0" encoding="utf-8"?>
<Project ToolsVersion="4.0" xmlns="http://schemas.microsoft.com/developer/msbuild/2003">
  <ItemGroup>
    <Filter Include="Source Files">
      <UniqueIdentifier>{4FC737F1-C7A5-4376-A066-2A32D752A2FF}</UniqueIdentifier>
      <Extensions>cpp;c;cxx;def;odl;idl;hpj;bat;asm;asmx</Extensions>
    </Filter>
    <Filter Include="Source Files\Dialog Boxes">
      <UniqueIdentifier>{17dc18a0-5595-4f42-8997-645064f9099b}</UniqueIdentifier>
    </Filter>
    <Filter Include="Source Files\Dialog Boxes\Config">
      <UniqueIdentifier>{be146f73-eb51-453c-85a5-d561b66dab1e}</UniqueIdentifier>
    </Filter>
    <Filter Include="Source Files\Dialog Boxes\Instrument">
      <UniqueIdentifier>{082b09fd-df48-481d-9677-404a39a000af}</UniqueIdentifier>
    </Filter>
    <Filter Include="Source Files\Dialog Boxes\Instrument\Related">
      <UniqueIdentifier>{500b1605-c9ea-4a89-bc25-8e8b780d026e}</UniqueIdentifier>
    </Filter>
    <Filter Include="Source Files\Dialog Boxes\Instrument\Related\Sequence editor">
      <UniqueIdentifier>{e89cefa6-af32-4813-9157-444a90dc69cf}</UniqueIdentifier>
    </Filter>
    <Filter Include="Source Files\Dialog Boxes\Instrument\Related\Resampler">
      <UniqueIdentifier>{83f77f41-7725-43db-8602-295723f49d36}</UniqueIdentifier>
    </Filter>
    <Filter Include="Source Files\Dialog Boxes\Instrument\Instrument panels">
      <UniqueIdentifier>{ea024b89-0835-4096-b55c-02eb27ef61fd}</UniqueIdentifier>
    </Filter>
    <Filter Include="Source Files\Dialog Boxes\Wave export">
      <UniqueIdentifier>{883da97c-172e-4943-bf51-295039db7e8d}</UniqueIdentifier>
    </Filter>
    <Filter Include="Source Files\Exporter">
      <UniqueIdentifier>{152654b8-336f-4f4d-8f1d-5d085c93d964}</UniqueIdentifier>
    </Filter>
    <Filter Include="Source Files\Exporter\Custom Exporter">
      <UniqueIdentifier>{ce3be55d-a146-423a-8d90-9ba5a770e3f4}</UniqueIdentifier>
    </Filter>
    <Filter Include="Source Files\Exporter\Test">
      <UniqueIdentifier>{a377d70b-92f9-4e05-a456-cc9791f55eda}</UniqueIdentifier>
    </Filter>
    <Filter Include="Source Files\Document Data Types">
      <UniqueIdentifier>{00db7a77-07e8-43d6-b1a7-d76127cdefe3}</UniqueIdentifier>
    </Filter>
    <Filter Include="Source Files\Document Data Types\Instruments">
      <UniqueIdentifier>{1d606626-3510-4c58-9201-65f43fd06c94}</UniqueIdentifier>
    </Filter>
    <Filter Include="Source Files\Visualizer">
      <UniqueIdentifier>{ea418b52-9705-4e93-8a9b-843f7cf41e72}</UniqueIdentifier>
    </Filter>
    <Filter Include="Source Files\Visualizer\Sample window states">
      <UniqueIdentifier>{84a2a308-fca9-43bc-89a8-3f453dbaf78e}</UniqueIdentifier>
    </Filter>
    <Filter Include="Source Files\Sound Driver">
      <UniqueIdentifier>{90b075ff-e518-43b9-9244-b962c4e63e7e}</UniqueIdentifier>
    </Filter>
    <Filter Include="Source Files\Sound Driver\APU">
      <UniqueIdentifier>{5fa5c013-9a53-444b-87b4-b6e4205efb7b}</UniqueIdentifier>
    </Filter>
    <Filter Include="Source Files\Sound Driver\APU\Internal">
      <UniqueIdentifier>{7fdd347b-63e6-4aaf-a143-b385c1197a3d}</UniqueIdentifier>
    </Filter>
    <Filter Include="Source Files\Sound Driver\APU\Expansion">
      <UniqueIdentifier>{487f3652-d71c-48d3-8b9d-4540f3a155e8}</UniqueIdentifier>
    </Filter>
    <Filter Include="Source Files\Sound Driver\APU\Expansion\External">
      <UniqueIdentifier>{84714f96-a2da-46b5-b8d7-0907c72f247f}</UniqueIdentifier>
    </Filter>
    <Filter Include="Source Files\Sound Driver\Blip_Buffer">
      <UniqueIdentifier>{858ba478-71b4-4630-95c8-59a7c4ef1dbd}</UniqueIdentifier>
    </Filter>
    <Filter Include="Source Files\Sound Driver\Channels">
      <UniqueIdentifier>{e067ae28-8d4c-4728-81f0-053e0556d5a6}</UniqueIdentifier>
    </Filter>
    <Filter Include="Source Files\Other">
      <UniqueIdentifier>{7e601f01-ff14-4169-bdf2-69272434c081}</UniqueIdentifier>
    </Filter>
    <Filter Include="Source Files\MIDI">
      <UniqueIdentifier>{78d120f5-07fd-4b75-b300-15463e0dc874}</UniqueIdentifier>
    </Filter>
    <Filter Include="Source Files\Pattern Editor">
      <UniqueIdentifier>{72b6e321-965c-4371-9f4e-bfc2bf3d8fd6}</UniqueIdentifier>
    </Filter>
    <Filter Include="Source Files\Frame Editor">
      <UniqueIdentifier>{f0071c7e-d8b3-405d-8fd0-5fefc6834fb9}</UniqueIdentifier>
    </Filter>
    <Filter Include="Header Files">
      <UniqueIdentifier>{93995380-89BD-4b04-88EB-625FBE52EBFB}</UniqueIdentifier>
      <Extensions>h;hpp;hxx;hm;inl;inc;xsd</Extensions>
    </Filter>
    <Filter Include="Header Files\Sound Driver Headers">
      <UniqueIdentifier>{db61d5a8-9367-4fa2-88f1-a0ddcf119205}</UniqueIdentifier>
    </Filter>
    <Filter Include="Header Files\Sound Driver Headers\APU Headers">
      <UniqueIdentifier>{0388f54a-c36a-4e6e-a3c0-54278c8a88ac}</UniqueIdentifier>
    </Filter>
    <Filter Include="Header Files\Sound Driver Headers\APU Headers\Internal Headers">
      <UniqueIdentifier>{19f4597c-b720-4e16-8d2b-39db96bed1c8}</UniqueIdentifier>
    </Filter>
    <Filter Include="Header Files\Sound Driver Headers\APU Headers\Expansion Headers">
      <UniqueIdentifier>{fb0ee9f7-7aff-4228-bba2-83630deda1ee}</UniqueIdentifier>
    </Filter>
    <Filter Include="Header Files\Sound Driver Headers\APU Headers\Expansion Headers\External">
      <UniqueIdentifier>{41a09a7b-cdac-485e-b80b-7d5c299499f6}</UniqueIdentifier>
    </Filter>
    <Filter Include="Header Files\Sound Driver Headers\Blip_Buffer Headers">
      <UniqueIdentifier>{e1ec0a82-7064-4dff-8de1-0f6dd483a74d}</UniqueIdentifier>
    </Filter>
    <Filter Include="Header Files\Sound Driver Headers\Channels Headers">
      <UniqueIdentifier>{b39e54f2-010a-4f09-8cf7-9554ed17e414}</UniqueIdentifier>
    </Filter>
    <Filter Include="Header Files\Dialog Boxes Headers">
      <UniqueIdentifier>{eea163ab-6071-45a8-990b-aa4a90ace88a}</UniqueIdentifier>
    </Filter>
    <Filter Include="Header Files\Dialog Boxes Headers\Config Headers">
      <UniqueIdentifier>{0add4ce9-948f-4d61-bf6f-26b846883de7}</UniqueIdentifier>
    </Filter>
    <Filter Include="Header Files\Dialog Boxes Headers\Instrument Headers">
      <UniqueIdentifier>{3ca492ed-078f-49e8-8b16-8ceab7ce60ff}</UniqueIdentifier>
    </Filter>
    <Filter Include="Header Files\Dialog Boxes Headers\Instrument Headers\Related Headers">
      <UniqueIdentifier>{3fb214ea-bdec-488a-9715-ae82a49681b8}</UniqueIdentifier>
    </Filter>
    <Filter Include="Header Files\Dialog Boxes Headers\Instrument Headers\Related Headers\Sequence editor Headers">
      <UniqueIdentifier>{728d6d61-43a8-4d70-875b-b00194377389}</UniqueIdentifier>
    </Filter>
    <Filter Include="Header Files\Dialog Boxes Headers\Instrument Headers\Related Headers\Resampler Headers">
      <UniqueIdentifier>{89194370-96dc-4bd2-a429-bb52d62304aa}</UniqueIdentifier>
    </Filter>
    <Filter Include="Header Files\Dialog Boxes Headers\Instrument Headers\Instrument dialog">
      <UniqueIdentifier>{d40f5c73-1249-46c6-a223-b5363a99c131}</UniqueIdentifier>
    </Filter>
    <Filter Include="Header Files\Visualizer Headers">
      <UniqueIdentifier>{d42a515b-58f4-4885-a4cc-a9beedf4c63b}</UniqueIdentifier>
    </Filter>
    <Filter Include="Header Files\Visualizer Headers\Sample window state headers">
      <UniqueIdentifier>{3eb884db-2706-4c17-ae68-7c91dedb8351}</UniqueIdentifier>
    </Filter>
    <Filter Include="Header Files\Export Headers">
      <UniqueIdentifier>{10e675f1-4691-4a49-91a0-a6d55f1c7693}</UniqueIdentifier>
    </Filter>
    <Filter Include="Header Files\Export Headers\Custom Exporter Headers">
      <UniqueIdentifier>{bcac1ffc-006d-4404-a1d2-76e80bd63f13}</UniqueIdentifier>
    </Filter>
    <Filter Include="Header Files\Export Headers\Test Headers">
      <UniqueIdentifier>{d7a26331-3807-4c58-aa22-0176eb81d0bf}</UniqueIdentifier>
    </Filter>
    <Filter Include="Header Files\Other Headers">
      <UniqueIdentifier>{03b5a7fb-b937-4152-9400-6384103d52ce}</UniqueIdentifier>
    </Filter>
    <Filter Include="Header Files\MIDI Headers">
      <UniqueIdentifier>{899c2754-78bc-4fe3-9b37-1e3bfaddea88}</UniqueIdentifier>
    </Filter>
    <Filter Include="Header Files\Document Data Type Headers">
      <UniqueIdentifier>{ab27c420-5c38-4b7b-b692-854e93f5d5af}</UniqueIdentifier>
    </Filter>
    <Filter Include="Header Files\Document Data Type Headers\Instrument Headers">
      <UniqueIdentifier>{a85ba7d7-dec8-41e1-a5d9-36a46de3c67b}</UniqueIdentifier>
    </Filter>
    <Filter Include="Header Files\Pattern Editor Headers">
      <UniqueIdentifier>{204872ad-11e8-4674-bd43-ec1d047add45}</UniqueIdentifier>
    </Filter>
    <Filter Include="Header Files\Frame Editor Headers">
      <UniqueIdentifier>{56900df2-8d7e-466f-a013-bf11541a9fc3}</UniqueIdentifier>
    </Filter>
    <Filter Include="Resource Files">
      <UniqueIdentifier>{67DA6AB6-F800-4c08-8B7A-83BB121AAD01}</UniqueIdentifier>
      <Extensions>rc;ico;cur;bmp;dlg;rc2;rct;bin;rgs;gif;jpg;jpeg;jpe;resx</Extensions>
    </Filter>
    <Filter Include="HTML Help Files">
      <UniqueIdentifier>{1cb9a8dd-03aa-4a1a-8e6f-6ed133044f8a}</UniqueIdentifier>
      <Extensions>hhp;hhc;hhk;gif;jpg</Extensions>
    </Filter>
    <Filter Include="HTML Help Topics">
      <UniqueIdentifier>{0fb92267-5626-42a5-b1c4-2b0b870238cd}</UniqueIdentifier>
      <Extensions>htm;html</Extensions>
    </Filter>
    <Filter Include="HTML Help Topics\Images">
      <UniqueIdentifier>{edfa3788-c05e-4be4-8fde-91754d518e86}</UniqueIdentifier>
    </Filter>
    <Filter Include="HTML Help Topics\Chips">
      <UniqueIdentifier>{c65459cc-49f5-4db8-88fd-dd2f92342530}</UniqueIdentifier>
    </Filter>
    <Filter Include="HTML Help Topics\CSS">
      <UniqueIdentifier>{5d2436e2-2aa0-4369-a20e-dd8196e12407}</UniqueIdentifier>
    </Filter>
    <Filter Include="HTML Help Topics\Interface">
      <UniqueIdentifier>{eea0ae6e-9965-482a-ac8d-45eddafd04e6}</UniqueIdentifier>
    </Filter>
    <Filter Include="HTML Help Topics\Interface\Configuration">
      <UniqueIdentifier>{f83b01f3-57a4-4759-a136-722a04cbba5b}</UniqueIdentifier>
    </Filter>
    <Filter Include="NSF driver">
      <UniqueIdentifier>{2bd626e5-0887-48bf-9208-452a05e61e3e}</UniqueIdentifier>
    </Filter>
  </ItemGroup>
  <ItemGroup>
    <ClCompile Include="Source\Accelerator.cpp">
      <Filter>Source Files</Filter>
    </ClCompile>
    <ClCompile Include="Source\Action.cpp">
      <Filter>Source Files</Filter>
    </ClCompile>
    <ClCompile Include="Source\ChannelMap.cpp">
      <Filter>Source Files</Filter>
    </ClCompile>
    <ClCompile Include="Source\ControlPanelDlg.cpp">
      <Filter>Source Files</Filter>
    </ClCompile>
    <ClCompile Include="Source\CustomControls.cpp">
      <Filter>Source Files</Filter>
    </ClCompile>
    <ClCompile Include="Source\DocumentFile.cpp">
      <Filter>Source Files</Filter>
    </ClCompile>
    <ClCompile Include="Source\Exception.cpp">
      <Filter>Source Files</Filter>
    </ClCompile>
    <ClCompile Include="Source\FamiTracker.cpp">
      <Filter>Source Files</Filter>
    </ClCompile>
    <ClCompile Include="Source\FamiTrackerDoc.cpp">
      <Filter>Source Files</Filter>
    </ClCompile>
    <ClCompile Include="Source\FamiTrackerView.cpp">
      <Filter>Source Files</Filter>
    </ClCompile>
    <ClCompile Include="Source\Graphics.cpp">
      <Filter>Source Files</Filter>
    </ClCompile>
    <ClCompile Include="Source\InstrumentFileTree.cpp">
      <Filter>Source Files</Filter>
    </ClCompile>
    <ClCompile Include="Source\MainFrm.cpp">
      <Filter>Source Files</Filter>
    </ClCompile>
    <ClCompile Include="Source\Settings.cpp">
      <Filter>Source Files</Filter>
    </ClCompile>
    <ClCompile Include="Source\stdafx.cpp">
      <Filter>Source Files</Filter>
    </ClCompile>
    <ClCompile Include="Source\WaveFile.cpp">
      <Filter>Source Files</Filter>
    </ClCompile>
    <ClCompile Include="Source\AboutDlg.cpp">
      <Filter>Source Files\Dialog Boxes</Filter>
    </ClCompile>
    <ClCompile Include="Source\ChannelsDlg.cpp">
      <Filter>Source Files\Dialog Boxes</Filter>
    </ClCompile>
    <ClCompile Include="Source\CommentsDlg.cpp">
      <Filter>Source Files\Dialog Boxes</Filter>
    </ClCompile>
    <ClCompile Include="Source\DialogReBar.cpp">
      <Filter>Source Files\Dialog Boxes</Filter>
    </ClCompile>
    <ClCompile Include="Source\ExportDialog.cpp">
      <Filter>Source Files\Dialog Boxes</Filter>
    </ClCompile>
    <ClCompile Include="Source\MIDIImportDialog.cpp">
      <Filter>Source Files\Dialog Boxes</Filter>
    </ClCompile>
    <ClCompile Include="Source\ModuleImportDlg.cpp">
      <Filter>Source Files\Dialog Boxes</Filter>
    </ClCompile>
    <ClCompile Include="Source\ModulePropertiesDlg.cpp">
      <Filter>Source Files\Dialog Boxes</Filter>
    </ClCompile>
    <ClCompile Include="Source\PerformanceDlg.cpp">
      <Filter>Source Files\Dialog Boxes</Filter>
    </ClCompile>
    <ClCompile Include="Source\SpeedDlg.cpp">
      <Filter>Source Files\Dialog Boxes</Filter>
    </ClCompile>
    <ClCompile Include="Source\ConfigAppearance.cpp">
      <Filter>Source Files\Dialog Boxes\Config</Filter>
    </ClCompile>
    <ClCompile Include="Source\ConfigGeneral.cpp">
      <Filter>Source Files\Dialog Boxes\Config</Filter>
    </ClCompile>
    <ClCompile Include="Source\ConfigMIDI.cpp">
      <Filter>Source Files\Dialog Boxes\Config</Filter>
    </ClCompile>
    <ClCompile Include="Source\ConfigShortcuts.cpp">
      <Filter>Source Files\Dialog Boxes\Config</Filter>
    </ClCompile>
    <ClCompile Include="Source\ConfigSound.cpp">
      <Filter>Source Files\Dialog Boxes\Config</Filter>
    </ClCompile>
    <ClCompile Include="Source\ConfigWindow.cpp">
      <Filter>Source Files\Dialog Boxes\Config</Filter>
    </ClCompile>
    <ClCompile Include="Source\InstrumentEditDlg.cpp">
      <Filter>Source Files\Dialog Boxes\Instrument</Filter>
    </ClCompile>
    <ClCompile Include="Source\ModSequenceEditor.cpp">
      <Filter>Source Files\Dialog Boxes\Instrument\Related</Filter>
    </ClCompile>
    <ClCompile Include="Source\PCMImport.cpp">
      <Filter>Source Files\Dialog Boxes\Instrument\Related</Filter>
    </ClCompile>
    <ClCompile Include="Source\SampleEditorDlg.cpp">
      <Filter>Source Files\Dialog Boxes\Instrument\Related</Filter>
    </ClCompile>
    <ClCompile Include="Source\WaveEditor.cpp">
      <Filter>Source Files\Dialog Boxes\Instrument\Related</Filter>
    </ClCompile>
    <ClCompile Include="Source\GraphEditor.cpp">
      <Filter>Source Files\Dialog Boxes\Instrument\Related\Sequence editor</Filter>
    </ClCompile>
    <ClCompile Include="Source\SequenceEditor.cpp">
      <Filter>Source Files\Dialog Boxes\Instrument\Related\Sequence editor</Filter>
    </ClCompile>
    <ClCompile Include="Source\SequenceSetting.cpp">
      <Filter>Source Files\Dialog Boxes\Instrument\Related\Sequence editor</Filter>
    </ClCompile>
    <ClCompile Include="Source\SizeEditor.cpp">
      <Filter>Source Files\Dialog Boxes\Instrument\Related\Sequence editor</Filter>
    </ClCompile>
    <ClCompile Include="Source\resampler\resample.cpp">
      <Filter>Source Files\Dialog Boxes\Instrument\Related\Resampler</Filter>
    </ClCompile>
    <ClCompile Include="Source\resampler\sinc.cpp">
      <Filter>Source Files\Dialog Boxes\Instrument\Related\Resampler</Filter>
    </ClCompile>
    <ClCompile Include="Source\InstrumentEditor2A03.cpp">
      <Filter>Source Files\Dialog Boxes\Instrument\Instrument panels</Filter>
    </ClCompile>
    <ClCompile Include="Source\InstrumentEditorDPCM.cpp">
      <Filter>Source Files\Dialog Boxes\Instrument\Instrument panels</Filter>
    </ClCompile>
    <ClCompile Include="Source\InstrumentEditorFDS.cpp">
      <Filter>Source Files\Dialog Boxes\Instrument\Instrument panels</Filter>
    </ClCompile>
    <ClCompile Include="Source\InstrumentEditorFDSEnvelope.cpp">
      <Filter>Source Files\Dialog Boxes\Instrument\Instrument panels</Filter>
    </ClCompile>
    <ClCompile Include="Source\InstrumentEditorN163.cpp">
      <Filter>Source Files\Dialog Boxes\Instrument\Instrument panels</Filter>
    </ClCompile>
    <ClCompile Include="Source\InstrumentEditorN163Wave.cpp">
      <Filter>Source Files\Dialog Boxes\Instrument\Instrument panels</Filter>
    </ClCompile>
    <ClCompile Include="Source\InstrumentEditorS5B.cpp">
      <Filter>Source Files\Dialog Boxes\Instrument\Instrument panels</Filter>
    </ClCompile>
    <ClCompile Include="Source\InstrumentEditorVRC6.cpp">
      <Filter>Source Files\Dialog Boxes\Instrument\Instrument panels</Filter>
    </ClCompile>
    <ClCompile Include="Source\InstrumentEditorVRC7.cpp">
      <Filter>Source Files\Dialog Boxes\Instrument\Instrument panels</Filter>
    </ClCompile>
    <ClCompile Include="Source\InstrumentEditPanel.cpp">
      <Filter>Source Files\Dialog Boxes\Instrument\Instrument panels</Filter>
    </ClCompile>
    <ClCompile Include="Source\CreateWaveDlg.cpp">
      <Filter>Source Files\Dialog Boxes\Wave export</Filter>
    </ClCompile>
    <ClCompile Include="Source\WavProgressDlg.cpp">
      <Filter>Source Files\Dialog Boxes\Wave export</Filter>
    </ClCompile>
    <ClCompile Include="Source\Chunk.cpp">
      <Filter>Source Files\Exporter</Filter>
    </ClCompile>
    <ClCompile Include="Source\ChunkRender.cpp">
      <Filter>Source Files\Exporter</Filter>
    </ClCompile>
    <ClCompile Include="Source\Compiler.cpp">
      <Filter>Source Files\Exporter</Filter>
    </ClCompile>
    <ClCompile Include="Source\PatternCompiler.cpp">
      <Filter>Source Files\Exporter</Filter>
    </ClCompile>
    <ClCompile Include="Source\TextExporter.cpp">
      <Filter>Source Files\Exporter</Filter>
    </ClCompile>
    <ClCompile Include="Source\CustomExporter.cpp">
      <Filter>Source Files\Exporter\Custom Exporter</Filter>
    </ClCompile>
    <ClCompile Include="Source\CustomExporter_C_Interface.cpp">
      <Filter>Source Files\Exporter\Custom Exporter</Filter>
    </ClCompile>
    <ClCompile Include="Source\CustomExporters.cpp">
      <Filter>Source Files\Exporter\Custom Exporter</Filter>
    </ClCompile>
    <ClCompile Include="Source\ExportTest\ExportTest.cpp">
      <Filter>Source Files\Exporter\Test</Filter>
    </ClCompile>
    <ClCompile Include="Source\PatternData.cpp">
      <Filter>Source Files\Document Data Types</Filter>
    </ClCompile>
    <ClCompile Include="Source\Sequence.cpp">
      <Filter>Source Files\Document Data Types</Filter>
    </ClCompile>
    <ClCompile Include="Source\Instrument.cpp">
      <Filter>Source Files\Document Data Types\Instruments</Filter>
    </ClCompile>
    <ClCompile Include="Source\Instrument2A03.cpp">
      <Filter>Source Files\Document Data Types\Instruments</Filter>
    </ClCompile>
    <ClCompile Include="Source\InstrumentFDS.cpp">
      <Filter>Source Files\Document Data Types\Instruments</Filter>
    </ClCompile>
    <ClCompile Include="Source\InstrumentN163.cpp">
      <Filter>Source Files\Document Data Types\Instruments</Filter>
    </ClCompile>
    <ClCompile Include="Source\InstrumentS5B.cpp">
      <Filter>Source Files\Document Data Types\Instruments</Filter>
    </ClCompile>
    <ClCompile Include="Source\InstrumentVRC6.cpp">
      <Filter>Source Files\Document Data Types\Instruments</Filter>
    </ClCompile>
    <ClCompile Include="Source\InstrumentVRC7.cpp">
      <Filter>Source Files\Document Data Types\Instruments</Filter>
    </ClCompile>
    <ClCompile Include="Source\SampleWindow.cpp">
      <Filter>Source Files\Visualizer</Filter>
    </ClCompile>
    <ClCompile Include="Source\SWLogo.cpp">
      <Filter>Source Files\Visualizer\Sample window states</Filter>
    </ClCompile>
    <ClCompile Include="Source\SWSampleScope.cpp">
      <Filter>Source Files\Visualizer\Sample window states</Filter>
    </ClCompile>
    <ClCompile Include="Source\SWSpectrum.cpp">
      <Filter>Source Files\Visualizer\Sample window states</Filter>
    </ClCompile>
    <ClCompile Include="Source\DirectSound.cpp">
      <Filter>Source Files\Sound Driver</Filter>
    </ClCompile>
    <ClCompile Include="Source\SoundGen.cpp">
      <Filter>Source Files\Sound Driver</Filter>
    </ClCompile>
    <ClCompile Include="Source\TrackerChannel.cpp">
      <Filter>Source Files\Sound Driver</Filter>
    </ClCompile>
    <ClCompile Include="Source\Apu\APU.cpp">
      <Filter>Source Files\Sound Driver\APU</Filter>
    </ClCompile>
    <ClCompile Include="Source\Apu\Mixer.cpp">
      <Filter>Source Files\Sound Driver\APU</Filter>
    </ClCompile>
    <ClCompile Include="Source\Apu\DPCM.cpp">
      <Filter>Source Files\Sound Driver\APU\Internal</Filter>
    </ClCompile>
    <ClCompile Include="Source\Apu\Noise.cpp">
      <Filter>Source Files\Sound Driver\APU\Internal</Filter>
    </ClCompile>
    <ClCompile Include="Source\Apu\Square.cpp">
      <Filter>Source Files\Sound Driver\APU\Internal</Filter>
    </ClCompile>
    <ClCompile Include="Source\Apu\Triangle.cpp">
      <Filter>Source Files\Sound Driver\APU\Internal</Filter>
    </ClCompile>
    <ClCompile Include="Source\APU\FDS.cpp">
      <Filter>Source Files\Sound Driver\APU\Expansion</Filter>
    </ClCompile>
    <ClCompile Include="Source\APU\MMC5.CPP">
      <Filter>Source Files\Sound Driver\APU\Expansion</Filter>
    </ClCompile>
    <ClCompile Include="Source\APU\N163.CPP">
      <Filter>Source Files\Sound Driver\APU\Expansion</Filter>
    </ClCompile>
    <ClCompile Include="Source\APU\S5B.cpp">
      <Filter>Source Files\Sound Driver\APU\Expansion</Filter>
    </ClCompile>
    <ClCompile Include="Source\Apu\VRC6.cpp">
      <Filter>Source Files\Sound Driver\APU\Expansion</Filter>
    </ClCompile>
    <ClCompile Include="Source\APU\VRC7.cpp">
      <Filter>Source Files\Sound Driver\APU\Expansion</Filter>
    </ClCompile>
    <ClCompile Include="Source\APU\emu2149.c">
      <Filter>Source Files\Sound Driver\APU\Expansion\External</Filter>
    </ClCompile>
    <ClCompile Include="Source\APU\emu2413.c">
      <Filter>Source Files\Sound Driver\APU\Expansion\External</Filter>
    </ClCompile>
    <ClCompile Include="Source\APU\FDSSound.cpp">
      <Filter>Source Files\Sound Driver\APU\Expansion\External</Filter>
    </ClCompile>
    <ClCompile Include="Source\Blip_Buffer\Blip_Buffer.cpp">
      <Filter>Source Files\Sound Driver\Blip_Buffer</Filter>
    </ClCompile>
    <ClCompile Include="Source\ChannelHandler.cpp">
      <Filter>Source Files\Sound Driver\Channels</Filter>
    </ClCompile>
    <ClCompile Include="Source\Channels2A03.cpp">
      <Filter>Source Files\Sound Driver\Channels</Filter>
    </ClCompile>
    <ClCompile Include="Source\ChannelsFDS.cpp">
      <Filter>Source Files\Sound Driver\Channels</Filter>
    </ClCompile>
    <ClCompile Include="Source\ChannelsMMC5.cpp">
      <Filter>Source Files\Sound Driver\Channels</Filter>
    </ClCompile>
    <ClCompile Include="Source\ChannelsN163.cpp">
      <Filter>Source Files\Sound Driver\Channels</Filter>
    </ClCompile>
    <ClCompile Include="Source\ChannelsS5B.cpp">
      <Filter>Source Files\Sound Driver\Channels</Filter>
    </ClCompile>
    <ClCompile Include="Source\ChannelsVRC6.cpp">
      <Filter>Source Files\Sound Driver\Channels</Filter>
    </ClCompile>
    <ClCompile Include="Source\ChannelsVRC7.cpp">
      <Filter>Source Files\Sound Driver\Channels</Filter>
    </ClCompile>
    <ClCompile Include="Source\FFT\Fft.cpp">
      <Filter>Source Files\Other</Filter>
    </ClCompile>
    <ClCompile Include="Source\MIDI.cpp">
      <Filter>Source Files\MIDI</Filter>
    </ClCompile>
    <ClCompile Include="Source\MIDIImport.cpp">
      <Filter>Source Files\MIDI</Filter>
    </ClCompile>
    <ClCompile Include="Source\PatternAction.cpp">
      <Filter>Source Files\Pattern Editor</Filter>
    </ClCompile>
    <ClCompile Include="Source\PatternEditor.cpp">
      <Filter>Source Files\Pattern Editor</Filter>
    </ClCompile>
    <ClCompile Include="Source\FrameAction.cpp">
      <Filter>Source Files\Frame Editor</Filter>
    </ClCompile>
    <ClCompile Include="Source\FrameEditor.cpp">
      <Filter>Source Files\Frame Editor</Filter>
    </ClCompile>
  </ItemGroup>
  <ItemGroup>
    <ClInclude Include="Source\Accelerator.h">
      <Filter>Header Files</Filter>
    </ClInclude>
    <ClInclude Include="Source\Action.h">
      <Filter>Header Files</Filter>
    </ClInclude>
    <ClInclude Include="Source\ChannelMap.h">
      <Filter>Header Files</Filter>
    </ClInclude>
    <ClInclude Include="Source\ControlPanelDlg.h">
      <Filter>Header Files</Filter>
    </ClInclude>
    <ClInclude Include="Source\CustomControls.h">
      <Filter>Header Files</Filter>
    </ClInclude>
    <ClInclude Include="Source\DocumentFile.h">
      <Filter>Header Files</Filter>
    </ClInclude>
    <ClInclude Include="Source\Exception.h">
      <Filter>Header Files</Filter>
    </ClInclude>
    <ClInclude Include="Source\FamiTracker.h">
      <Filter>Header Files</Filter>
    </ClInclude>
    <ClInclude Include="Source\FamiTrackerDoc.h">
      <Filter>Header Files</Filter>
    </ClInclude>
    <ClInclude Include="Source\FamiTrackerTypes.h">
      <Filter>Header Files</Filter>
    </ClInclude>
    <ClInclude Include="Source\FamiTrackerView.h">
      <Filter>Header Files</Filter>
    </ClInclude>
    <ClInclude Include="Source\Graphics.h">
      <Filter>Header Files</Filter>
    </ClInclude>
    <ClInclude Include="Source\InstrumentFileTree.h">
      <Filter>Header Files</Filter>
    </ClInclude>
    <ClInclude Include="Source\MainFrm.h">
      <Filter>Header Files</Filter>
    </ClInclude>
    <ClInclude Include="Source\Settings.h">
      <Filter>Header Files</Filter>
    </ClInclude>
    <ClInclude Include="Source\stdafx.h">
      <Filter>Header Files</Filter>
    </ClInclude>
    <ClInclude Include="version.h">
      <Filter>Header Files</Filter>
    </ClInclude>
    <ClInclude Include="Source\WaveFile.h">
      <Filter>Header Files</Filter>
    </ClInclude>
    <ClInclude Include="Source\Common.h">
      <Filter>Header Files\Sound Driver Headers</Filter>
    </ClInclude>
    <ClInclude Include="Source\DirectSound.h">
      <Filter>Header Files\Sound Driver Headers</Filter>
    </ClInclude>
    <ClInclude Include="Source\SoundGen.h">
      <Filter>Header Files\Sound Driver Headers</Filter>
    </ClInclude>
    <ClInclude Include="Source\TrackerChannel.h">
      <Filter>Header Files\Sound Driver Headers</Filter>
    </ClInclude>
    <ClInclude Include="Source\Apu\APU.h">
      <Filter>Header Files\Sound Driver Headers\APU Headers</Filter>
    </ClInclude>
    <ClInclude Include="Source\Apu\Channel.h">
      <Filter>Header Files\Sound Driver Headers\APU Headers</Filter>
    </ClInclude>
    <ClInclude Include="Source\Apu\Mixer.h">
      <Filter>Header Files\Sound Driver Headers\APU Headers</Filter>
    </ClInclude>
    <ClInclude Include="Source\Apu\DPCM.h">
      <Filter>Header Files\Sound Driver Headers\APU Headers\Internal Headers</Filter>
    </ClInclude>
    <ClInclude Include="Source\Apu\Noise.h">
      <Filter>Header Files\Sound Driver Headers\APU Headers\Internal Headers</Filter>
    </ClInclude>
    <ClInclude Include="Source\Apu\Square.h">
      <Filter>Header Files\Sound Driver Headers\APU Headers\Internal Headers</Filter>
    </ClInclude>
    <ClInclude Include="Source\Apu\Triangle.h">
      <Filter>Header Files\Sound Driver Headers\APU Headers\Internal Headers</Filter>
    </ClInclude>
    <ClInclude Include="Source\Apu\External.h">
      <Filter>Header Files\Sound Driver Headers\APU Headers\Expansion Headers</Filter>
    </ClInclude>
    <ClInclude Include="Source\APU\FDS.H">
      <Filter>Header Files\Sound Driver Headers\APU Headers\Expansion Headers</Filter>
    </ClInclude>
    <ClInclude Include="Source\APU\MMC5.H">
      <Filter>Header Files\Sound Driver Headers\APU Headers\Expansion Headers</Filter>
    </ClInclude>
    <ClInclude Include="Source\APU\N163.H">
      <Filter>Header Files\Sound Driver Headers\APU Headers\Expansion Headers</Filter>
    </ClInclude>
    <ClInclude Include="Source\APU\S5B.h">
      <Filter>Header Files\Sound Driver Headers\APU Headers\Expansion Headers</Filter>
    </ClInclude>
    <ClInclude Include="Source\Apu\VRC6.h">
      <Filter>Header Files\Sound Driver Headers\APU Headers\Expansion Headers</Filter>
    </ClInclude>
    <ClInclude Include="Source\APU\VRC7.h">
      <Filter>Header Files\Sound Driver Headers\APU Headers\Expansion Headers</Filter>
    </ClInclude>
    <ClInclude Include="Source\APU\2413tone.h">
      <Filter>Header Files\Sound Driver Headers\APU Headers\Expansion Headers\External</Filter>
    </ClInclude>
    <ClInclude Include="Source\APU\emu2149.h">
      <Filter>Header Files\Sound Driver Headers\APU Headers\Expansion Headers\External</Filter>
    </ClInclude>
    <ClInclude Include="Source\APU\emu2413.h">
      <Filter>Header Files\Sound Driver Headers\APU Headers\Expansion Headers\External</Filter>
    </ClInclude>
    <ClInclude Include="Source\APU\FDSSound.h">
      <Filter>Header Files\Sound Driver Headers\APU Headers\Expansion Headers\External</Filter>
    </ClInclude>
    <ClInclude Include="Source\APU\vrc7tone.h">
      <Filter>Header Files\Sound Driver Headers\APU Headers\Expansion Headers\External</Filter>
    </ClInclude>
    <ClInclude Include="Source\Blip_Buffer.h">
      <Filter>Header Files\Sound Driver Headers\Blip_Buffer Headers</Filter>
    </ClInclude>
    <ClInclude Include="Source\ChannelHandler.h">
      <Filter>Header Files\Sound Driver Headers\Channels Headers</Filter>
    </ClInclude>
    <ClInclude Include="Source\Channels2A03.h">
      <Filter>Header Files\Sound Driver Headers\Channels Headers</Filter>
    </ClInclude>
    <ClInclude Include="Source\ChannelsFDS.h">
      <Filter>Header Files\Sound Driver Headers\Channels Headers</Filter>
    </ClInclude>
    <ClInclude Include="Source\ChannelsMMC5.h">
      <Filter>Header Files\Sound Driver Headers\Channels Headers</Filter>
    </ClInclude>
    <ClInclude Include="Source\ChannelsN163.h">
      <Filter>Header Files\Sound Driver Headers\Channels Headers</Filter>
    </ClInclude>
    <ClInclude Include="Source\ChannelsS5B.h">
      <Filter>Header Files\Sound Driver Headers\Channels Headers</Filter>
    </ClInclude>
    <ClInclude Include="Source\ChannelsVRC6.h">
      <Filter>Header Files\Sound Driver Headers\Channels Headers</Filter>
    </ClInclude>
    <ClInclude Include="Source\ChannelsVRC7.h">
      <Filter>Header Files\Sound Driver Headers\Channels Headers</Filter>
    </ClInclude>
    <ClInclude Include="Source\AboutDlg.h">
      <Filter>Header Files\Dialog Boxes Headers</Filter>
    </ClInclude>
    <ClInclude Include="Source\ChannelsDlg.h">
      <Filter>Header Files\Dialog Boxes Headers</Filter>
    </ClInclude>
    <ClInclude Include="Source\CommentsDlg.h">
      <Filter>Header Files\Dialog Boxes Headers</Filter>
    </ClInclude>
    <ClInclude Include="Source\CreateWaveDlg.h">
      <Filter>Header Files\Dialog Boxes Headers</Filter>
    </ClInclude>
    <ClInclude Include="Source\DialogReBar.h">
      <Filter>Header Files\Dialog Boxes Headers</Filter>
    </ClInclude>
    <ClInclude Include="Source\ExportDialog.h">
      <Filter>Header Files\Dialog Boxes Headers</Filter>
    </ClInclude>
    <ClInclude Include="Source\MIDIImportDialog.h">
      <Filter>Header Files\Dialog Boxes Headers</Filter>
    </ClInclude>
    <ClInclude Include="Source\ModuleImportDlg.h">
      <Filter>Header Files\Dialog Boxes Headers</Filter>
    </ClInclude>
    <ClInclude Include="Source\ModulePropertiesDlg.h">
      <Filter>Header Files\Dialog Boxes Headers</Filter>
    </ClInclude>
    <ClInclude Include="Source\PerformanceDlg.h">
      <Filter>Header Files\Dialog Boxes Headers</Filter>
    </ClInclude>
    <ClInclude Include="Source\SpeedDlg.h">
      <Filter>Header Files\Dialog Boxes Headers</Filter>
    </ClInclude>
    <ClInclude Include="Source\WavProgressDlg.h">
      <Filter>Header Files\Dialog Boxes Headers</Filter>
    </ClInclude>
    <ClInclude Include="Source\ConfigAppearance.h">
      <Filter>Header Files\Dialog Boxes Headers\Config Headers</Filter>
    </ClInclude>
    <ClInclude Include="Source\ConfigGeneral.h">
      <Filter>Header Files\Dialog Boxes Headers\Config Headers</Filter>
    </ClInclude>
    <ClInclude Include="Source\ConfigLevels.h">
      <Filter>Header Files\Dialog Boxes Headers\Config Headers</Filter>
    </ClInclude>
    <ClInclude Include="Source\ConfigMIDI.h">
      <Filter>Header Files\Dialog Boxes Headers\Config Headers</Filter>
    </ClInclude>
    <ClInclude Include="Source\ConfigShortcuts.h">
      <Filter>Header Files\Dialog Boxes Headers\Config Headers</Filter>
    </ClInclude>
    <ClInclude Include="Source\ConfigSound.h">
      <Filter>Header Files\Dialog Boxes Headers\Config Headers</Filter>
    </ClInclude>
    <ClInclude Include="Source\ConfigWindow.h">
      <Filter>Header Files\Dialog Boxes Headers\Config Headers</Filter>
    </ClInclude>
    <ClInclude Include="Source\InstrumentEditDlg.h">
      <Filter>Header Files\Dialog Boxes Headers\Instrument Headers</Filter>
    </ClInclude>
    <ClInclude Include="Source\ModSequenceEditor.h">
      <Filter>Header Files\Dialog Boxes Headers\Instrument Headers\Related Headers</Filter>
    </ClInclude>
    <ClInclude Include="Source\PCMImport.h">
      <Filter>Header Files\Dialog Boxes Headers\Instrument Headers\Related Headers</Filter>
    </ClInclude>
    <ClInclude Include="Source\SampleEditorDlg.h">
      <Filter>Header Files\Dialog Boxes Headers\Instrument Headers\Related Headers</Filter>
    </ClInclude>
    <ClInclude Include="Source\WaveEditor.h">
      <Filter>Header Files\Dialog Boxes Headers\Instrument Headers\Related Headers</Filter>
    </ClInclude>
    <ClInclude Include="Source\GraphEditor.h">
      <Filter>Header Files\Dialog Boxes Headers\Instrument Headers\Related Headers\Sequence editor Headers</Filter>
    </ClInclude>
    <ClInclude Include="Source\SequenceEditor.h">
      <Filter>Header Files\Dialog Boxes Headers\Instrument Headers\Related Headers\Sequence editor Headers</Filter>
    </ClInclude>
    <ClInclude Include="Source\SequenceSetting.h">
      <Filter>Header Files\Dialog Boxes Headers\Instrument Headers\Related Headers\Sequence editor Headers</Filter>
    </ClInclude>
    <ClInclude Include="Source\SizeEditor.h">
      <Filter>Header Files\Dialog Boxes Headers\Instrument Headers\Related Headers\Sequence editor Headers</Filter>
    </ClInclude>
    <ClInclude Include="Source\resampler\resample.hpp">
      <Filter>Header Files\Dialog Boxes Headers\Instrument Headers\Related Headers\Resampler Headers</Filter>
    </ClInclude>
    <ClInclude Include="Source\resampler\sinc.hpp">
      <Filter>Header Files\Dialog Boxes Headers\Instrument Headers\Related Headers\Resampler Headers</Filter>
    </ClInclude>
    <ClInclude Include="Source\InstrumentEditor2A03.h">
      <Filter>Header Files\Dialog Boxes Headers\Instrument Headers\Instrument dialog</Filter>
    </ClInclude>
    <ClInclude Include="Source\InstrumentEditorDPCM.h">
      <Filter>Header Files\Dialog Boxes Headers\Instrument Headers\Instrument dialog</Filter>
    </ClInclude>
    <ClInclude Include="Source\InstrumentEditorFDS.h">
      <Filter>Header Files\Dialog Boxes Headers\Instrument Headers\Instrument dialog</Filter>
    </ClInclude>
    <ClInclude Include="Source\InstrumentEditorFDSEnvelope.h">
      <Filter>Header Files\Dialog Boxes Headers\Instrument Headers\Instrument dialog</Filter>
    </ClInclude>
    <ClInclude Include="Source\InstrumentEditorN163Wave.h">
      <Filter>Header Files\Dialog Boxes Headers\Instrument Headers\Instrument dialog</Filter>
    </ClInclude>
    <ClInclude Include="Source\InstrumentEditorS5B.h">
      <Filter>Header Files\Dialog Boxes Headers\Instrument Headers\Instrument dialog</Filter>
    </ClInclude>
    <ClInclude Include="Source\InstrumentEditorVRC6.h">
      <Filter>Header Files\Dialog Boxes Headers\Instrument Headers\Instrument dialog</Filter>
    </ClInclude>
    <ClInclude Include="Source\InstrumentEditorVRC7.h">
      <Filter>Header Files\Dialog Boxes Headers\Instrument Headers\Instrument dialog</Filter>
    </ClInclude>
    <ClInclude Include="Source\InstrumentEditPanel.h">
      <Filter>Header Files\Dialog Boxes Headers\Instrument Headers\Instrument dialog</Filter>
    </ClInclude>
    <ClInclude Include="Source\SampleWindow.h">
      <Filter>Header Files\Visualizer Headers</Filter>
    </ClInclude>
    <ClInclude Include="Source\SWLogo.h">
      <Filter>Header Files\Visualizer Headers\Sample window state headers</Filter>
    </ClInclude>
    <ClInclude Include="Source\SWSampleScope.h">
      <Filter>Header Files\Visualizer Headers\Sample window state headers</Filter>
    </ClInclude>
    <ClInclude Include="Source\SWSpectrum.h">
      <Filter>Header Files\Visualizer Headers\Sample window state headers</Filter>
    </ClInclude>
    <ClInclude Include="Source\Chunk.h">
      <Filter>Header Files\Export Headers</Filter>
    </ClInclude>
    <ClInclude Include="Source\ChunkRender.h">
      <Filter>Header Files\Export Headers</Filter>
    </ClInclude>
    <ClInclude Include="Source\Compiler.h">
      <Filter>Header Files\Export Headers</Filter>
    </ClInclude>
    <ClInclude Include="Source\Driver.h">
      <Filter>Header Files\Export Headers</Filter>
    </ClInclude>
    <ClInclude Include="Source\PatternCompiler.h">
      <Filter>Header Files\Export Headers</Filter>
    </ClInclude>
    <ClInclude Include="Source\TextExporter.h">
      <Filter>Header Files\Export Headers</Filter>
    </ClInclude>
    <ClInclude Include="Source\CustomExporter.h">
      <Filter>Header Files\Export Headers\Custom Exporter Headers</Filter>
    </ClInclude>
    <ClInclude Include="Source\CustomExporter_C_Interface.h">
      <Filter>Header Files\Export Headers\Custom Exporter Headers</Filter>
    </ClInclude>
    <ClInclude Include="Source\CustomExporterInterfaces.h">
      <Filter>Header Files\Export Headers\Custom Exporter Headers</Filter>
    </ClInclude>
    <ClInclude Include="Source\CustomExporters.h">
      <Filter>Header Files\Export Headers\Custom Exporter Headers</Filter>
    </ClInclude>
    <ClInclude Include="Source\ExportTest\ExportTest.h">
      <Filter>Header Files\Export Headers\Test Headers</Filter>
    </ClInclude>
    <ClInclude Include="Source\FFT\Complex.h">
      <Filter>Header Files\Other Headers</Filter>
    </ClInclude>
    <ClInclude Include="Source\FFT\Fft.h">
      <Filter>Header Files\Other Headers</Filter>
    </ClInclude>
    <ClInclude Include="Source\MIDI.h">
      <Filter>Header Files\MIDI Headers</Filter>
    </ClInclude>
    <ClInclude Include="Source\MIDIImport.h">
      <Filter>Header Files\MIDI Headers</Filter>
    </ClInclude>
    <ClInclude Include="Source\PatternData.h">
      <Filter>Header Files\Document Data Type Headers</Filter>
    </ClInclude>
    <ClInclude Include="Source\Sequence.h">
      <Filter>Header Files\Document Data Type Headers</Filter>
    </ClInclude>
    <ClInclude Include="Source\Instrument.h">
      <Filter>Header Files\Document Data Type Headers\Instrument Headers</Filter>
    </ClInclude>
    <ClInclude Include="Source\ColorScheme.h">
      <Filter>Header Files\Pattern Editor Headers</Filter>
    </ClInclude>
    <ClInclude Include="Source\PatternEditor.h">
      <Filter>Header Files\Pattern Editor Headers</Filter>
    </ClInclude>
    <ClInclude Include="Source\FrameEditor.h">
      <Filter>Header Files\Frame Editor Headers</Filter>
    </ClInclude>
  </ItemGroup>
  <ItemGroup>
    <Image Include="res\Application.ico">
      <Filter>Resource Files</Filter>
    </Image>
    <Image Include="res\bitmap1.bmp">
      <Filter>Resource Files</Filter>
    </Image>
    <Image Include="res\bmp00001.bmp">
      <Filter>Resource Files</Filter>
    </Image>
    <Image Include="res\Famitracker-Document.ico">
      <Filter>Resource Files</Filter>
    </Image>
    <Image Include="res\FamiTracker-Exe.ico">
      <Filter>Resource Files</Filter>
    </Image>
    <Image Include="res\ico00001.ico">
      <Filter>Resource Files</Filter>
    </Image>
    <Image Include="res\ico00002.ico">
      <Filter>Resource Files</Filter>
    </Image>
    <Image Include="res\ico00003.ico">
      <Filter>Resource Files</Filter>
    </Image>
    <Image Include="res\ico00004.ico">
      <Filter>Resource Files</Filter>
    </Image>
    <Image Include="res\ico00005.ico">
      <Filter>Resource Files</Filter>
    </Image>
    <Image Include="res\icon1.ico">
      <Filter>Resource Files</Filter>
    </Image>
    <Image Include="res\icon2.ico">
      <Filter>Resource Files</Filter>
    </Image>
    <Image Include="res\icon3.ico">
      <Filter>Resource Files</Filter>
    </Image>
    <Image Include="res\Inst_2A03.ico">
      <Filter>Resource Files</Filter>
    </Image>
    <Image Include="res\Inst_2A03inv.ico">
      <Filter>Resource Files</Filter>
    </Image>
    <Image Include="res\inst_toolbar.bmp">
      <Filter>Resource Files</Filter>
    </Image>
    <Image Include="res\key_black_pressed.bmp">
      <Filter>Resource Files</Filter>
    </Image>
    <Image Include="res\key_black_unpressed.bmp">
      <Filter>Resource Files</Filter>
    </Image>
    <Image Include="res\key_white_pressed.bmp">
      <Filter>Resource Files</Filter>
    </Image>
    <Image Include="res\key_white_unpressed.bmp">
      <Filter>Resource Files</Filter>
    </Image>
    <Image Include="res\SampleBg.bmp">
      <Filter>Resource Files</Filter>
    </Image>
    <Image Include="Toolbar-d5.bmp">
      <Filter>Resource Files</Filter>
    </Image>
    <Image Include="res\Toolbar-d5.bmp">
      <Filter>Resource Files</Filter>
    </Image>
    <Image Include="res\Toolbar.bmp">
      <Filter>Resource Files</Filter>
    </Image>
    <Image Include="res\toolbar1.bmp">
      <Filter>Resource Files</Filter>
    </Image>
    <Image Include="hlp\img\frame_editor.png">
      <Filter>HTML Help Topics\Images</Filter>
    </Image>
    <Image Include="hlp\img\Icon.png">
      <Filter>HTML Help Topics\Images</Filter>
    </Image>
    <Image Include="hlp\img\inst_2a03.png">
      <Filter>HTML Help Topics\Images</Filter>
    </Image>
    <Image Include="hlp\img\inst_dpcm.PNG">
      <Filter>HTML Help Topics\Images</Filter>
    </Image>
    <Image Include="hlp\img\inst_fds.PNG">
      <Filter>HTML Help Topics\Images</Filter>
    </Image>
    <Image Include="hlp\img\inst_n163.png">
      <Filter>HTML Help Topics\Images</Filter>
    </Image>
    <Image Include="hlp\img\inst_vrc7.PNG">
      <Filter>HTML Help Topics\Images</Filter>
    </Image>
    <Image Include="hlp\img\pattern.png">
      <Filter>HTML Help Topics\Images</Filter>
    </Image>
    <Image Include="hlp\img\toolbar1.png">
      <Filter>HTML Help Topics\Images</Filter>
    </Image>
    <Image Include="hlp\img\toolbar2.png">
      <Filter>HTML Help Topics\Images</Filter>
    </Image>
  </ItemGroup>
  <ItemGroup>
    <ResourceCompile Include="FamiTracker.rc">
      <Filter>Resource Files</Filter>
    </ResourceCompile>
  </ItemGroup>
  <ItemGroup>
    <None Include="hlp\FamiTracker.hhc">
      <Filter>HTML Help Files</Filter>
    </None>
    <None Include="hlp\FamiTracker.hhk">
      <Filter>HTML Help Files</Filter>
    </None>
    <None Include="hlp\changelog.htm">
      <Filter>HTML Help Topics</Filter>
    </None>
    <None Include="hlp\faq.htm">
      <Filter>HTML Help Topics</Filter>
    </None>
    <None Include="hlp\main_index.htm">
      <Filter>HTML Help Topics</Filter>
    </None>
    <None Include="hlp\2a03.htm">
      <Filter>HTML Help Topics\Chips</Filter>
    </None>
    <None Include="hlp\fds.htm">
      <Filter>HTML Help Topics\Chips</Filter>
    </None>
    <None Include="hlp\mmc5.htm">
      <Filter>HTML Help Topics\Chips</Filter>
    </None>
    <None Include="hlp\n163.htm">
      <Filter>HTML Help Topics\Chips</Filter>
    </None>
    <None Include="hlp\sound_overview.htm">
      <Filter>HTML Help Topics\Chips</Filter>
    </None>
    <None Include="hlp\sunsoft.htm">
      <Filter>HTML Help Topics\Chips</Filter>
    </None>
    <None Include="hlp\vrc6.htm">
      <Filter>HTML Help Topics\Chips</Filter>
    </None>
    <None Include="hlp\vrc7.htm">
      <Filter>HTML Help Topics\Chips</Filter>
    </None>
    <None Include="hlp\style.css">
      <Filter>HTML Help Topics\CSS</Filter>
    </None>
    <None Include="hlp\command_line.htm">
      <Filter>HTML Help Topics\Interface</Filter>
    </None>
    <None Include="hlp\control_panel.htm">
      <Filter>HTML Help Topics\Interface</Filter>
    </None>
    <None Include="hlp\dpcm_editor.htm">
      <Filter>HTML Help Topics\Interface</Filter>
    </None>
    <None Include="hlp\dpcm_import.htm">
      <Filter>HTML Help Topics\Interface</Filter>
    </None>
    <None Include="hlp\effect_list.htm">
      <Filter>HTML Help Topics\Interface</Filter>
    </None>
    <None Include="hlp\interface.htm">
      <Filter>HTML Help Topics\Interface</Filter>
    </None>
    <None Include="hlp\menus.htm">
      <Filter>HTML Help Topics\Interface</Filter>
    </None>
    <None Include="hlp\nsf_export.htm">
      <Filter>HTML Help Topics\Interface</Filter>
    </None>
    <None Include="hlp\pattern_editor.htm">
      <Filter>HTML Help Topics\Interface</Filter>
    </None>
    <None Include="hlp\properties.htm">
      <Filter>HTML Help Topics\Interface</Filter>
    </None>
    <None Include="hlp\shortcuts.htm">
      <Filter>HTML Help Topics\Interface</Filter>
    </None>
    <None Include="hlp\text_export.htm">
      <Filter>HTML Help Topics\Interface</Filter>
    </None>
    <None Include="hlp\toolbar.htm">
      <Filter>HTML Help Topics\Interface</Filter>
    </None>
    <None Include="hlp\config_appearance.htm">
      <Filter>HTML Help Topics\Interface\Configuration</Filter>
    </None>
    <None Include="hlp\config_general.htm">
      <Filter>HTML Help Topics\Interface\Configuration</Filter>
    </None>
    <None Include="hlp\config_midi.htm">
      <Filter>HTML Help Topics\Interface\Configuration</Filter>
    </None>
    <None Include="hlp\config_shortcuts.htm">
      <Filter>HTML Help Topics\Interface\Configuration</Filter>
    </None>
    <None Include="hlp\config_sound.htm">
      <Filter>HTML Help Topics\Interface\Configuration</Filter>
    </None>
    <None Include="hlp\configuration.htm">
      <Filter>HTML Help Topics\Interface\Configuration</Filter>
    </None>
    <None Include="..\nsf driver\apu.s">
      <Filter>NSF driver</Filter>
    </None>
    <None Include="..\nsf driver\driver.s">
      <Filter>NSF driver</Filter>
    </None>
    <None Include="..\nsf driver\effects.s">
      <Filter>NSF driver</Filter>
    </None>
    <None Include="..\nsf driver\fds.s">
      <Filter>NSF driver</Filter>
    </None>
    <None Include="..\nsf driver\init.s">
      <Filter>NSF driver</Filter>
    </None>
    <None Include="..\nsf driver\instrument.s">
      <Filter>NSF driver</Filter>
    </None>
    <None Include="..\nsf driver\mmc5.s">
      <Filter>NSF driver</Filter>
    </None>
    <None Include="..\nsf driver\n106.s">
      <Filter>NSF driver</Filter>
    </None>
    <None Include="..\nsf driver\player.s">
      <Filter>NSF driver</Filter>
    </None>
    <None Include="..\nsf driver\vrc6.s">
      <Filter>NSF driver</Filter>
    </None>
    <None Include="..\nsf driver\vrc7.s">
      <Filter>NSF driver</Filter>
    </None>
    <None Include="FamiTracker.reg" />
  </ItemGroup>
  <ItemGroup>
    <Text Include="changelog.txt" />
    <Text Include="Texts\FastTracker effects.txt" />
    <Text Include="gpl.txt" />
    <Text Include="ReadMe.txt" />
  </ItemGroup>
  <ItemGroup>
    <CustomBuild Include="resource.h">
      <Filter>Header Files</Filter>
    </CustomBuild>
    <CustomBuild Include="res\FamiTracker.manifest" />
  </ItemGroup>
</Project>